
Microsoft Visual Studio Solution File, Format Version 12.00
# Visual Studio Version 16
VisualStudioVersion = 16.0.32901.82
MinimumVisualStudioVersion = 10.0.40219.1
Project("{F184B08F-C81C-45F6-A57F-5ABD9991F28F}") = "0614", "0503\0614.vbproj", "{FC42AF74-80E1-4279-9841-47B916DA0965}"
EndProject
Global
	GlobalSection(SolutionConfigurationPlatforms) = preSolution
		Debug|Any CPU = Debug|Any CPU
		Release|Any CPU = Release|Any CPU
	EndGlobalSection
	GlobalSection(ProjectConfigurationPlatforms) = postSolution
		{FC42AF74-80E1-4279-9841-47B916DA0965}.Debug|Any CPU.ActiveCfg = Debug|Any CPU
		{FC42AF74-80E1-4279-9841-47B916DA0965}.Debug|Any CPU.Build.0 = Debug|Any CPU
		{FC42AF74-80E1-4279-9841-47B916DA0965}.Release|Any CPU.ActiveCfg = Release|Any CPU
		{FC42AF74-80E1-4279-9841-47B916DA0965}.Release|Any CPU.Build.0 = Release|Any CPU
	EndGlobalSection
	GlobalSection(SolutionProperties) = preSolution
		HideSolutionNode = FALSE
	EndGlobalSection
	GlobalSection(ExtensibilityGlobals) = postSolution
		SolutionGuid = {C7DEDC87-0AB9-4F47-817F-B24FA7A6B699}
	EndGlobalSection
EndGlobal
